
Microsoft Visual Studio Solution File, Format Version 12.00
# Visual Studio Version 17
VisualStudioVersion = 17.8.34330.188
MinimumVisualStudioVersion = 10.0.40219.1
Project("{FAE04EC0-301F-11D3-BF4B-00C04F79EFBC}") = "PurchaseDetails", "PurchaseDetails\PurchaseDetails.csproj", "{AFDAAF19-499A-43EE-A510-1450E34C6961}"
EndProject
Global
	GlobalSection(SolutionConfigurationPlatforms) = preSolution
		Debug|Any CPU = Debug|Any CPU
		Release|Any CPU = Release|Any CPU
	EndGlobalSection
	GlobalSection(ProjectConfigurationPlatforms) = postSolution
		{AFDAAF19-499A-43EE-A510-1450E34C6961}.Debug|Any CPU.ActiveCfg = Debug|Any CPU
		{AFDAAF19-499A-43EE-A510-1450E34C6961}.Debug|Any CPU.Build.0 = Debug|Any CPU
		{AFDAAF19-499A-43EE-A510-1450E34C6961}.Release|Any CPU.ActiveCfg = Release|Any CPU
		{AFDAAF19-499A-43EE-A510-1450E34C6961}.Release|Any CPU.Build.0 = Release|Any CPU
	EndGlobalSection
	GlobalSection(SolutionProperties) = preSolution
		HideSolutionNode = FALSE
	EndGlobalSection
	GlobalSection(ExtensibilityGlobals) = postSolution
		SolutionGuid = {1CC402A4-6CC5-4B78-9D4E-AC2FF8C66DC9}
	EndGlobalSection
EndGlobal
